
Microsoft Visual Studio Solution File, Format Version 12.00
# Visual Studio 14
VisualStudioVersion = 14.0.25420.1
MinimumVisualStudioVersion = 10.0.40219.1
Project("{FAE04EC0-301F-11D3-BF4B-00C04F79EFBC}") = "new", "new\new.csproj", "{5910B706-2283-4448-8F86-820CEA964AD3}"
EndProject
Project("{FAE04EC0-301F-11D3-BF4B-00C04F79EFBC}") = "new.Tests", "new.Tests\new.Tests.csproj", "{5397AFE8-A257-4E53-AA22-06D30D15C95E}"
EndProject
Global
	GlobalSection(SolutionConfigurationPlatforms) = preSolution
		Debug|Any CPU = Debug|Any CPU
		Release|Any CPU = Release|Any CPU
	EndGlobalSection
	GlobalSection(ProjectConfigurationPlatforms) = postSolution
		{5910B706-2283-4448-8F86-820CEA964AD3}.Debug|Any CPU.ActiveCfg = Debug|Any CPU
		{5910B706-2283-4448-8F86-820CEA964AD3}.Debug|Any CPU.Build.0 = Debug|Any CPU
		{5910B706-2283-4448-8F86-820CEA964AD3}.Release|Any CPU.ActiveCfg = Release|Any CPU
		{5910B706-2283-4448-8F86-820CEA964AD3}.Release|Any CPU.Build.0 = Release|Any CPU
		{5397AFE8-A257-4E53-AA22-06D30D15C95E}.Debug|Any CPU.ActiveCfg = Debug|Any CPU
		{5397AFE8-A257-4E53-AA22-06D30D15C95E}.Debug|Any CPU.Build.0 = Debug|Any CPU
		{5397AFE8-A257-4E53-AA22-06D30D15C95E}.Release|Any CPU.ActiveCfg = Release|Any CPU
		{5397AFE8-A257-4E53-AA22-06D30D15C95E}.Release|Any CPU.Build.0 = Release|Any CPU
	EndGlobalSection
	GlobalSection(SolutionProperties) = preSolution
		HideSolutionNode = FALSE
	EndGlobalSection
EndGlobal
